
Microsoft Visual Studio Solution File, Format Version 12.00
# Visual Studio Version 17
VisualStudioVersion = 17.4.33122.133
MinimumVisualStudioVersion = 10.0.40219.1
Project("{FAE04EC0-301F-11D3-BF4B-00C04F79EFBC}") = "Jalasoft.DevLevel1.BookRequestSystem", "Jalasoft.DevLevel1.BookRequestSystem.csproj", "{32DF4EF0-9667-4495-9DCD-3A576B3A3CE2}"
EndProject
Global
	GlobalSection(SolutionConfigurationPlatforms) = preSolution
		Debug|Any CPU = Debug|Any CPU
		Release|Any CPU = Release|Any CPU
	EndGlobalSection
	GlobalSection(ProjectConfigurationPlatforms) = postSolution
		{32DF4EF0-9667-4495-9DCD-3A576B3A3CE2}.Debug|Any CPU.ActiveCfg = Debug|Any CPU
		{32DF4EF0-9667-4495-9DCD-3A576B3A3CE2}.Debug|Any CPU.Build.0 = Debug|Any CPU
		{32DF4EF0-9667-4495-9DCD-3A576B3A3CE2}.Release|Any CPU.ActiveCfg = Release|Any CPU
		{32DF4EF0-9667-4495-9DCD-3A576B3A3CE2}.Release|Any CPU.Build.0 = Release|Any CPU
	EndGlobalSection
	GlobalSection(SolutionProperties) = preSolution
		HideSolutionNode = FALSE
	EndGlobalSection
	GlobalSection(ExtensibilityGlobals) = postSolution
		SolutionGuid = {3C81FFF9-BC52-46C9-A7F8-28F4B5E410CE}
	EndGlobalSection
EndGlobal
