
Microsoft Visual Studio Solution File, Format Version 12.00
# Visual Studio Version 17
VisualStudioVersion = 17.4.33122.133
MinimumVisualStudioVersion = 10.0.40219.1
Project("{FAE04EC0-301F-11D3-BF4B-00C04F79EFBC}") = "Weapons", "Weapons\Weapons.csproj", "{04E72995-B705-4701-8102-8E374EE7D20A}"
EndProject
Global
	GlobalSection(SolutionConfigurationPlatforms) = preSolution
		Debug|Any CPU = Debug|Any CPU
		Release|Any CPU = Release|Any CPU
	EndGlobalSection
	GlobalSection(ProjectConfigurationPlatforms) = postSolution
		{04E72995-B705-4701-8102-8E374EE7D20A}.Debug|Any CPU.ActiveCfg = Debug|Any CPU
		{04E72995-B705-4701-8102-8E374EE7D20A}.Debug|Any CPU.Build.0 = Debug|Any CPU
		{04E72995-B705-4701-8102-8E374EE7D20A}.Release|Any CPU.ActiveCfg = Release|Any CPU
		{04E72995-B705-4701-8102-8E374EE7D20A}.Release|Any CPU.Build.0 = Release|Any CPU
	EndGlobalSection
	GlobalSection(SolutionProperties) = preSolution
		HideSolutionNode = FALSE
	EndGlobalSection
	GlobalSection(ExtensibilityGlobals) = postSolution
		SolutionGuid = {6610A173-531C-4F27-9E86-817D049D18E5}
	EndGlobalSection
EndGlobal
