
Microsoft Visual Studio Solution File, Format Version 12.00
# Visual Studio Version 17
VisualStudioVersion = 17.4.33122.133
MinimumVisualStudioVersion = 10.0.40219.1
Project("{FAE04EC0-301F-11D3-BF4B-00C04F79EFBC}") = "Wepons", "Wepons\Wepons.csproj", "{132A1B4F-FD4F-412F-A1E8-00FFA9CBA2EF}"
EndProject
Global
	GlobalSection(SolutionConfigurationPlatforms) = preSolution
		Debug|Any CPU = Debug|Any CPU
		Release|Any CPU = Release|Any CPU
	EndGlobalSection
	GlobalSection(ProjectConfigurationPlatforms) = postSolution
		{132A1B4F-FD4F-412F-A1E8-00FFA9CBA2EF}.Debug|Any CPU.ActiveCfg = Debug|Any CPU
		{132A1B4F-FD4F-412F-A1E8-00FFA9CBA2EF}.Debug|Any CPU.Build.0 = Debug|Any CPU
		{132A1B4F-FD4F-412F-A1E8-00FFA9CBA2EF}.Release|Any CPU.ActiveCfg = Release|Any CPU
		{132A1B4F-FD4F-412F-A1E8-00FFA9CBA2EF}.Release|Any CPU.Build.0 = Release|Any CPU
	EndGlobalSection
	GlobalSection(SolutionProperties) = preSolution
		HideSolutionNode = FALSE
	EndGlobalSection
	GlobalSection(ExtensibilityGlobals) = postSolution
		SolutionGuid = {6657400A-AD42-4DB5-BD00-3FD10CFDFBD5}
	EndGlobalSection
EndGlobal
