
Microsoft Visual Studio Solution File, Format Version 12.00
# Visual Studio Version 17
VisualStudioVersion = 17.4.33122.133
MinimumVisualStudioVersion = 10.0.40219.1
Project("{FAE04EC0-301F-11D3-BF4B-00C04F79EFBC}") = "Jalasoft.devlevel1.practice2", "Jalasoft.devlevel1.practice2\Jalasoft.devlevel1.practice2.csproj", "{101BCB09-736F-437A-B099-542EF6CF5EC1}"
EndProject
Global
	GlobalSection(SolutionConfigurationPlatforms) = preSolution
		Debug|Any CPU = Debug|Any CPU
		Release|Any CPU = Release|Any CPU
	EndGlobalSection
	GlobalSection(ProjectConfigurationPlatforms) = postSolution
		{101BCB09-736F-437A-B099-542EF6CF5EC1}.Debug|Any CPU.ActiveCfg = Debug|Any CPU
		{101BCB09-736F-437A-B099-542EF6CF5EC1}.Debug|Any CPU.Build.0 = Debug|Any CPU
		{101BCB09-736F-437A-B099-542EF6CF5EC1}.Release|Any CPU.ActiveCfg = Release|Any CPU
		{101BCB09-736F-437A-B099-542EF6CF5EC1}.Release|Any CPU.Build.0 = Release|Any CPU
	EndGlobalSection
	GlobalSection(SolutionProperties) = preSolution
		HideSolutionNode = FALSE
	EndGlobalSection
	GlobalSection(ExtensibilityGlobals) = postSolution
		SolutionGuid = {1AA88279-9FC0-4386-9838-3F51D82A1BE2}
	EndGlobalSection
EndGlobal
