
Microsoft Visual Studio Solution File, Format Version 12.00
# Visual Studio Version 17
VisualStudioVersion = 17.4.33205.214
MinimumVisualStudioVersion = 10.0.40219.1
Project("{FAE04EC0-301F-11D3-BF4B-00C04F79EFBC}") = "BookRequestSystem", "Jalasoft.DevLEvel1.Practice03\BookRequestSystem.csproj", "{6073E303-91A7-41A2-AB44-D9B3668418BF}"
EndProject
Global
	GlobalSection(SolutionConfigurationPlatforms) = preSolution
		Debug|Any CPU = Debug|Any CPU
		Release|Any CPU = Release|Any CPU
	EndGlobalSection
	GlobalSection(ProjectConfigurationPlatforms) = postSolution
		{6073E303-91A7-41A2-AB44-D9B3668418BF}.Debug|Any CPU.ActiveCfg = Debug|Any CPU
		{6073E303-91A7-41A2-AB44-D9B3668418BF}.Debug|Any CPU.Build.0 = Debug|Any CPU
		{6073E303-91A7-41A2-AB44-D9B3668418BF}.Release|Any CPU.ActiveCfg = Release|Any CPU
		{6073E303-91A7-41A2-AB44-D9B3668418BF}.Release|Any CPU.Build.0 = Release|Any CPU
	EndGlobalSection
	GlobalSection(SolutionProperties) = preSolution
		HideSolutionNode = FALSE
	EndGlobalSection
	GlobalSection(ExtensibilityGlobals) = postSolution
		SolutionGuid = {2F92158C-939D-4964-AAC5-C280F99931BC}
	EndGlobalSection
EndGlobal
