
Microsoft Visual Studio Solution File, Format Version 12.00
# Visual Studio Version 17
VisualStudioVersion = 17.4.33205.214
MinimumVisualStudioVersion = 10.0.40219.1
Project("{FAE04EC0-301F-11D3-BF4B-00C04F79EFBC}") = "ATM", "ATM\ATM.csproj", "{E1511BB1-E4C5-4AC9-8F4B-9049785B143B}"
EndProject
Project("{FAE04EC0-301F-11D3-BF4B-00C04F79EFBC}") = "ATMTest", "ATMTest\ATMTest.csproj", "{CC698F09-5FDD-4338-A36C-7F927C66D1F1}"
EndProject
Global
	GlobalSection(SolutionConfigurationPlatforms) = preSolution
		Debug|Any CPU = Debug|Any CPU
		Release|Any CPU = Release|Any CPU
	EndGlobalSection
	GlobalSection(ProjectConfigurationPlatforms) = postSolution
		{E1511BB1-E4C5-4AC9-8F4B-9049785B143B}.Debug|Any CPU.ActiveCfg = Debug|Any CPU
		{E1511BB1-E4C5-4AC9-8F4B-9049785B143B}.Debug|Any CPU.Build.0 = Debug|Any CPU
		{E1511BB1-E4C5-4AC9-8F4B-9049785B143B}.Release|Any CPU.ActiveCfg = Release|Any CPU
		{E1511BB1-E4C5-4AC9-8F4B-9049785B143B}.Release|Any CPU.Build.0 = Release|Any CPU
		{CC698F09-5FDD-4338-A36C-7F927C66D1F1}.Debug|Any CPU.ActiveCfg = Debug|Any CPU
		{CC698F09-5FDD-4338-A36C-7F927C66D1F1}.Debug|Any CPU.Build.0 = Debug|Any CPU
		{CC698F09-5FDD-4338-A36C-7F927C66D1F1}.Release|Any CPU.ActiveCfg = Release|Any CPU
		{CC698F09-5FDD-4338-A36C-7F927C66D1F1}.Release|Any CPU.Build.0 = Release|Any CPU
	EndGlobalSection
	GlobalSection(SolutionProperties) = preSolution
		HideSolutionNode = FALSE
	EndGlobalSection
	GlobalSection(ExtensibilityGlobals) = postSolution
		SolutionGuid = {37AD28E0-A362-4A8F-BB0B-7E56B80D401D}
	EndGlobalSection
EndGlobal
