
Microsoft Visual Studio Solution File, Format Version 12.00
# Visual Studio Version 17
VisualStudioVersion = 17.4.33122.133
MinimumVisualStudioVersion = 10.0.40219.1
Project("{FAE04EC0-301F-11D3-BF4B-00C04F79EFBC}") = "ConsoleApp1", "ConsoleApp1\ConsoleApp1.csproj", "{47334036-C237-4FA6-AFFF-1F63845426AD}"
EndProject
Project("{FAE04EC0-301F-11D3-BF4B-00C04F79EFBC}") = "Controller", "Controller\Controller.csproj", "{E4572473-87F9-493D-8ED4-BC59DF6CCD33}"
EndProject
Global
	GlobalSection(SolutionConfigurationPlatforms) = preSolution
		Debug|Any CPU = Debug|Any CPU
		Release|Any CPU = Release|Any CPU
	EndGlobalSection
	GlobalSection(ProjectConfigurationPlatforms) = postSolution
		{47334036-C237-4FA6-AFFF-1F63845426AD}.Debug|Any CPU.ActiveCfg = Debug|Any CPU
		{47334036-C237-4FA6-AFFF-1F63845426AD}.Debug|Any CPU.Build.0 = Debug|Any CPU
		{47334036-C237-4FA6-AFFF-1F63845426AD}.Release|Any CPU.ActiveCfg = Release|Any CPU
		{47334036-C237-4FA6-AFFF-1F63845426AD}.Release|Any CPU.Build.0 = Release|Any CPU
		{E4572473-87F9-493D-8ED4-BC59DF6CCD33}.Debug|Any CPU.ActiveCfg = Debug|Any CPU
		{E4572473-87F9-493D-8ED4-BC59DF6CCD33}.Debug|Any CPU.Build.0 = Debug|Any CPU
		{E4572473-87F9-493D-8ED4-BC59DF6CCD33}.Release|Any CPU.ActiveCfg = Release|Any CPU
		{E4572473-87F9-493D-8ED4-BC59DF6CCD33}.Release|Any CPU.Build.0 = Release|Any CPU
	EndGlobalSection
	GlobalSection(SolutionProperties) = preSolution
		HideSolutionNode = FALSE
	EndGlobalSection
	GlobalSection(ExtensibilityGlobals) = postSolution
		SolutionGuid = {CF84E791-D178-489D-B1B2-61EADC0D663A}
	EndGlobalSection
EndGlobal
