
Microsoft Visual Studio Solution File, Format Version 12.00
# Visual Studio Version 17
VisualStudioVersion = 17.4.33122.133
MinimumVisualStudioVersion = 10.0.40219.1
Project("{FAE04EC0-301F-11D3-BF4B-00C04F79EFBC}") = "JalaSoft.Dev.Level1.SystemATM", "JalaSoft.Dev.Level1.SystemATM\JalaSoft.Dev.Level1.SystemATM.csproj", "{C107FBA7-12C6-4094-B070-303ABD335156}"
EndProject
Global
	GlobalSection(SolutionConfigurationPlatforms) = preSolution
		Debug|Any CPU = Debug|Any CPU
		Release|Any CPU = Release|Any CPU
	EndGlobalSection
	GlobalSection(ProjectConfigurationPlatforms) = postSolution
		{C107FBA7-12C6-4094-B070-303ABD335156}.Debug|Any CPU.ActiveCfg = Debug|Any CPU
		{C107FBA7-12C6-4094-B070-303ABD335156}.Debug|Any CPU.Build.0 = Debug|Any CPU
		{C107FBA7-12C6-4094-B070-303ABD335156}.Release|Any CPU.ActiveCfg = Release|Any CPU
		{C107FBA7-12C6-4094-B070-303ABD335156}.Release|Any CPU.Build.0 = Release|Any CPU
	EndGlobalSection
	GlobalSection(SolutionProperties) = preSolution
		HideSolutionNode = FALSE
	EndGlobalSection
	GlobalSection(ExtensibilityGlobals) = postSolution
		SolutionGuid = {7E6A5B83-1CED-4BB9-B21E-A36CFAB7ABB9}
	EndGlobalSection
EndGlobal
